
Microsoft Visual Studio Solution File, Format Version 12.00
# Visual Studio Version 17
VisualStudioVersion = 17.0.31912.275
MinimumVisualStudioVersion = 10.0.40219.1
Project("{FAE04EC0-301F-11D3-BF4B-00C04F79EFBC}") = "ListBoxAndList", "ListBoxAndList\ListBoxAndList.csproj", "{C9017CDB-401F-4375-B96C-0839E23D161E}"
EndProject
Global
	GlobalSection(SolutionConfigurationPlatforms) = preSolution
		Debug|Any CPU = Debug|Any CPU
		Release|Any CPU = Release|Any CPU
	EndGlobalSection
	GlobalSection(ProjectConfigurationPlatforms) = postSolution
		{C9017CDB-401F-4375-B96C-0839E23D161E}.Debug|Any CPU.ActiveCfg = Debug|Any CPU
		{C9017CDB-401F-4375-B96C-0839E23D161E}.Debug|Any CPU.Build.0 = Debug|Any CPU
		{C9017CDB-401F-4375-B96C-0839E23D161E}.Release|Any CPU.ActiveCfg = Release|Any CPU
		{C9017CDB-401F-4375-B96C-0839E23D161E}.Release|Any CPU.Build.0 = Release|Any CPU
	EndGlobalSection
	GlobalSection(SolutionProperties) = preSolution
		HideSolutionNode = FALSE
	EndGlobalSection
	GlobalSection(ExtensibilityGlobals) = postSolution
		SolutionGuid = {6B3BEF52-C531-48C0-BE1D-3DBFFE2B2F1D}
	EndGlobalSection
EndGlobal
